
Microsoft Visual Studio Solution File, Format Version 12.00
# Visual Studio Version 17
VisualStudioVersion = 17.8.34408.163
MinimumVisualStudioVersion = 10.0.40219.1
Project("{FAE04EC0-301F-11D3-BF4B-00C04F79EFBC}") = "GenericDiceBot", "GenericDiceBot\GenericDiceBot.csproj", "{6BE3B96B-4B19-447D-ADC7-DBC4E045E792}"
EndProject
Global
	GlobalSection(SolutionConfigurationPlatforms) = preSolution
		Debug|Any CPU = Debug|Any CPU
		Release|Any CPU = Release|Any CPU
	EndGlobalSection
	GlobalSection(ProjectConfigurationPlatforms) = postSolution
		{6BE3B96B-4B19-447D-ADC7-DBC4E045E792}.Debug|Any CPU.ActiveCfg = Debug|Any CPU
		{6BE3B96B-4B19-447D-ADC7-DBC4E045E792}.Debug|Any CPU.Build.0 = Debug|Any CPU
		{6BE3B96B-4B19-447D-ADC7-DBC4E045E792}.Release|Any CPU.ActiveCfg = Release|Any CPU
		{6BE3B96B-4B19-447D-ADC7-DBC4E045E792}.Release|Any CPU.Build.0 = Release|Any CPU
	EndGlobalSection
	GlobalSection(SolutionProperties) = preSolution
		HideSolutionNode = FALSE
	EndGlobalSection
	GlobalSection(ExtensibilityGlobals) = postSolution
		SolutionGuid = {0ACB0D5F-B283-475E-8022-DA56C439B3A2}
	EndGlobalSection
EndGlobal
